#MicroXplorer Configuration settings - do not modify
ADC2.Channel-0\#ChannelRegularConversion=ADC_CHANNEL_TEMPSENSOR
ADC2.ContinuousConvMode=ENABLE
ADC2.IPParameters=Rank-0\#ChannelRegularConversion,Channel-0\#ChannelRegularConversion,SamplingTime-0\#ChannelRegularConversion,OffsetNumber-0\#ChannelRegularConversion,OffsetSignedSaturation-0\#ChannelRegularConversion,NbrOfConversionFlag,ContinuousConvMode
ADC2.NbrOfConversionFlag=1
ADC2.OffsetNumber-0\#ChannelRegularConversion=ADC_OFFSET_NONE
ADC2.OffsetSignedSaturation-0\#ChannelRegularConversion=DISABLE
ADC2.Rank-0\#ChannelRegularConversion=1
ADC2.SamplingTime-0\#ChannelRegularConversion=ADC_SAMPLETIME_810CYCLES_5
CAD.formats=
CAD.pinconfig=
CAD.provider=
FREERTOS.BinarySemaphores01=SemaUartTx,Dynamic,NULL
FREERTOS.Events01=eventSysFlags,Dynamic,NULL;eventLcdReady,Dynamic,NULL;eventUartTxReady,Dynamic,NULL;eventUartRxReady,Dynamic,NULL
FREERTOS.FootprintOK=true
FREERTOS.IPParameters=Tasks01,configMINIMAL_STACK_SIZE,configMAX_TASK_NAME_LEN,configTOTAL_HEAP_SIZE,configUSE_MALLOC_FAILED_HOOK,configCHECK_FOR_STACK_OVERFLOW,configUSE_NEWLIB_REENTRANT,FootprintOK,BinarySemaphores01,Events01
FREERTOS.Tasks01=debugPrintTask,24,2048,StartDebugPrintTask,Default,&robot,Dynamic,NULL,NULL;adcTask,40,2048,StartAdcTask,Default,&robot,Dynamic,NULL,NULL;curSenTask,40,2048,StartCurSenTask,Default,&robot,Dynamic,NULL,NULL;distSenTask,40,2048,StartDistSenTask,Default,&robot,Dynamic,NULL,NULL;sdCardTask,8,2048,StartSdCardTask,Default,&robot,Dynamic,NULL,NULL;mtrEncoderTask,48,2048,StartMtrEncoderTask,Default,&robot,Dynamic,NULL,NULL;srvPwmUpdateTask,40,2048,StartSrvPwmUpdateTask,Default,&robot,Dynamic,NULL,NULL;cmdRxTask,40,2048,StartCmdRxTask,Default,&robot,Dynamic,NULL,NULL;guiLcdDispTask,24,2048,StartGuiLcdDispTask,Default,&robot,Dynamic,NULL,NULL;imuTask,40,2048,StartImuTask,Default,&robot ,Dynamic,NULL,NULL
FREERTOS.configCHECK_FOR_STACK_OVERFLOW=2
FREERTOS.configMAX_TASK_NAME_LEN=18
FREERTOS.configMINIMAL_STACK_SIZE=1024
FREERTOS.configTOTAL_HEAP_SIZE=204800
FREERTOS.configUSE_MALLOC_FAILED_HOOK=1
FREERTOS.configUSE_NEWLIB_REENTRANT=1
File.Version=6
GPIO.groupedBy=Group By Peripherals
I2C2.I2C_Speed_Mode=I2C_Fast
I2C2.IPParameters=Timing,I2C_Speed_Mode,OwnAddress
I2C2.OwnAddress=0x40
I2C2.Timing=0x00D04BFF
I2C4.I2C_Speed_Mode=I2C_Fast
I2C4.IPParameters=Timing,I2C_Speed_Mode,OwnAddress
I2C4.OwnAddress=0x29
I2C4.Timing=0x00D04BFF
KeepUserPlacement=false
Mcu.CPN=STM32H7A3ZIT6Q
Mcu.Family=STM32H7
Mcu.IP0=ADC2
Mcu.IP1=CORTEX_M7
Mcu.IP10=SPI1
Mcu.IP11=SPI2
Mcu.IP12=SPI6
Mcu.IP13=SYS
Mcu.IP14=TIM1
Mcu.IP15=TIM2
Mcu.IP16=TIM3
Mcu.IP17=TIM4
Mcu.IP18=TIM5
Mcu.IP19=TIM8
Mcu.IP2=CRC
Mcu.IP20=TIM12
Mcu.IP21=TIM13
Mcu.IP22=TIM14
Mcu.IP23=TIM15
Mcu.IP24=TIM16
Mcu.IP25=TIM17
Mcu.IP26=USART2
Mcu.IP27=USART3
Mcu.IP3=DEBUG
Mcu.IP4=FATFS
Mcu.IP5=FREERTOS
Mcu.IP6=I2C2
Mcu.IP7=I2C4
Mcu.IP8=NVIC
Mcu.IP9=RCC
Mcu.IPNb=28
Mcu.Name=STM32H7A3Z(G-I)TxQ
Mcu.Package=LQFP144
Mcu.Pin0=PE2
Mcu.Pin1=PE3
Mcu.Pin10=PF8
Mcu.Pin11=PF9
Mcu.Pin12=PH0-OSC_IN
Mcu.Pin13=PC1
Mcu.Pin14=PC2_C
Mcu.Pin15=PC3_C
Mcu.Pin16=PA0
Mcu.Pin17=PA1
Mcu.Pin18=PA2
Mcu.Pin19=PA3
Mcu.Pin2=PE4
Mcu.Pin20=PA5
Mcu.Pin21=PA6
Mcu.Pin22=PA7
Mcu.Pin23=PB0
Mcu.Pin24=PB1
Mcu.Pin25=PF11
Mcu.Pin26=PF14
Mcu.Pin27=PF15
Mcu.Pin28=PE7
Mcu.Pin29=PE8
Mcu.Pin3=PE5
Mcu.Pin30=PE9
Mcu.Pin31=PE10
Mcu.Pin32=PE11
Mcu.Pin33=PE12
Mcu.Pin34=PE13
Mcu.Pin35=PE14
Mcu.Pin36=PE15
Mcu.Pin37=PB10
Mcu.Pin38=PB11
Mcu.Pin39=PB14
Mcu.Pin4=PE6
Mcu.Pin40=PB15
Mcu.Pin41=PD8
Mcu.Pin42=PD9
Mcu.Pin43=PD12
Mcu.Pin44=PD13
Mcu.Pin45=PG6
Mcu.Pin46=PG8
Mcu.Pin47=PC6
Mcu.Pin48=PC7
Mcu.Pin49=PA8
Mcu.Pin5=PC13
Mcu.Pin50=PA13
Mcu.Pin51=PA14
Mcu.Pin52=PC10
Mcu.Pin53=PC11
Mcu.Pin54=PC12
Mcu.Pin55=PD2
Mcu.Pin56=PD3
Mcu.Pin57=PD4
Mcu.Pin58=PD5
Mcu.Pin59=PD6
Mcu.Pin6=PC14-OSC32_IN
Mcu.Pin60=PD7
Mcu.Pin61=PG9
Mcu.Pin62=PG10
Mcu.Pin63=PG12
Mcu.Pin64=PG14
Mcu.Pin65=PB3
Mcu.Pin66=PB4
Mcu.Pin67=PB5
Mcu.Pin68=PB6
Mcu.Pin69=PE0
Mcu.Pin7=PC15-OSC32_OUT
Mcu.Pin70=PE1
Mcu.Pin71=VP_ADC2_TempSens_Input
Mcu.Pin72=VP_CRC_VS_CRC
Mcu.Pin73=VP_FATFS_VS_Generic
Mcu.Pin74=VP_FREERTOS_VS_CMSIS_V2
Mcu.Pin75=VP_SYS_VS_tim7
Mcu.Pin76=VP_TIM2_VS_ClockSourceINT
Mcu.Pin77=VP_TIM5_VS_ClockSourceINT
Mcu.Pin78=VP_TIM13_VS_ClockSourceINT
Mcu.Pin79=VP_TIM14_VS_ClockSourceINT
Mcu.Pin8=PF6
Mcu.Pin80=VP_TIM16_VS_ClockSourceINT
Mcu.Pin81=VP_TIM17_VS_ClockSourceINT
Mcu.Pin9=PF7
Mcu.PinsNb=82
Mcu.ThirdPartyNb=0
Mcu.UserConstants=
Mcu.UserName=STM32H7A3ZITxQ
MxCube.Version=6.10.0
MxDb.Version=DB.6.0.100
NVIC.ADC_IRQn=true\:5\:0\:false\:false\:true\:true\:true\:true\:true
NVIC.BusFault_IRQn=true\:0\:0\:false\:false\:true\:false\:false\:false\:false
NVIC.DebugMonitor_IRQn=true\:0\:0\:false\:false\:true\:false\:false\:false\:false
NVIC.EXTI15_10_IRQn=true\:5\:0\:false\:false\:true\:true\:true\:true\:true
NVIC.EXTI2_IRQn=true\:5\:0\:false\:false\:true\:true\:true\:true\:true
NVIC.EXTI3_IRQn=true\:5\:0\:false\:false\:true\:true\:true\:true\:true
NVIC.EXTI4_IRQn=true\:5\:0\:false\:false\:true\:true\:true\:true\:true
NVIC.EXTI9_5_IRQn=true\:5\:0\:false\:false\:true\:true\:true\:true\:true
NVIC.ForceEnableDMAVector=true
NVIC.HardFault_IRQn=true\:0\:0\:false\:false\:true\:false\:false\:false\:false
NVIC.MemoryManagement_IRQn=true\:0\:0\:false\:false\:true\:false\:false\:false\:false
NVIC.NonMaskableInt_IRQn=true\:0\:0\:false\:false\:true\:false\:false\:false\:false
NVIC.PendSV_IRQn=true\:15\:0\:false\:false\:false\:true\:false\:false\:false
NVIC.PriorityGroup=NVIC_PRIORITYGROUP_4
NVIC.SPI2_IRQn=true\:5\:0\:false\:false\:true\:true\:true\:true\:true
NVIC.SPI6_IRQn=true\:5\:0\:false\:false\:true\:true\:true\:true\:true
NVIC.SVCall_IRQn=true\:0\:0\:false\:false\:false\:false\:false\:false\:false
NVIC.SavedPendsvIrqHandlerGenerated=true
NVIC.SavedSvcallIrqHandlerGenerated=true
NVIC.SavedSystickIrqHandlerGenerated=true
NVIC.SysTick_IRQn=true\:15\:0\:false\:false\:false\:true\:false\:true\:false
NVIC.TIM7_IRQn=true\:15\:0\:false\:false\:true\:false\:false\:true\:true
NVIC.TimeBase=TIM7_IRQn
NVIC.TimeBaseIP=TIM7
NVIC.USART2_IRQn=true\:5\:0\:false\:false\:true\:true\:true\:true\:true
NVIC.UsageFault_IRQn=true\:0\:0\:false\:false\:true\:false\:false\:false\:false
PA0.GPIOParameters=GPIO_Label
PA0.GPIO_Label=W1_PWM_T2C1 
PA0.Locked=true
PA0.Signal=S_TIM2_CH1_ETR
PA1.GPIOParameters=GPIO_Label
PA1.GPIO_Label=W2_PWM_T2C2 
PA1.Locked=true
PA1.Signal=S_TIM2_CH2
PA13.GPIOParameters=GPIO_Label
PA13.GPIO_Label=DBG_SWDIO
PA13.Mode=Trace_Asynchronous_SW
PA13.Signal=DEBUG_JTMS-SWDIO
PA14.GPIOParameters=GPIO_Label
PA14.GPIO_Label=DBG_SWCLK
PA14.Mode=Trace_Asynchronous_SW
PA14.Signal=DEBUG_JTCK-SWCLK
PA2.GPIOParameters=GPIO_Label
PA2.GPIO_Label=W3_PWM_T2C3
PA2.Locked=true
PA2.Signal=S_TIM2_CH3
PA3.GPIOParameters=GPIO_Label
PA3.GPIO_Label=W4_PWM_T2C4 
PA3.Locked=true
PA3.Signal=S_TIM2_CH4
PA5.GPIOParameters=GPIO_Speed,GPIO_Label
PA5.GPIO_Label=SD_SPI1_SCK
PA5.GPIO_Speed=GPIO_SPEED_FREQ_VERY_HIGH
PA5.Mode=Full_Duplex_Master
PA5.Signal=SPI1_SCK
PA6.GPIOParameters=GPIO_Speed,GPIO_PuPd,GPIO_Label
PA6.GPIO_Label=SD_SPI1_MISO 
PA6.GPIO_PuPd=GPIO_PULLUP
PA6.GPIO_Speed=GPIO_SPEED_FREQ_VERY_HIGH
PA6.Mode=Full_Duplex_Master
PA6.Signal=SPI1_MISO
PA7.GPIOParameters=GPIO_Speed,GPIO_PuPd,GPIO_Label
PA7.GPIO_Label=SD_SPI1_MOSI 
PA7.GPIO_PuPd=GPIO_PULLUP
PA7.GPIO_Speed=GPIO_SPEED_FREQ_VERY_HIGH
PA7.Mode=Full_Duplex_Master
PA7.Signal=SPI1_MOSI
PA8.GPIOParameters=GPIO_Label
PA8.GPIO_Label=W1_ENC_T1C1_INA
PA8.Signal=S_TIM1_CH1
PB0.GPIOParameters=GPIO_Label
PB0.GPIO_Label=LD1_GREEN_OB
PB0.Locked=true
PB0.Signal=GPIO_Output
PB1.GPIOParameters=GPIO_Label
PB1.GPIO_Label=LCD_RST
PB1.Locked=true
PB1.Signal=GPIO_Output
PB10.GPIOParameters=GPIO_Label
PB10.GPIO_Label=CUR_I2C2_SCL
PB10.Locked=true
PB10.Mode=I2C
PB10.Signal=I2C2_SCL
PB11.GPIOParameters=GPIO_Label
PB11.GPIO_Label=CUR_I2C2_SDA
PB11.Locked=true
PB11.Mode=I2C
PB11.Signal=I2C2_SDA
PB14.GPIOParameters=GPIO_Label
PB14.GPIO_Label=LD3_RED_OB
PB14.Locked=true
PB14.Signal=GPIO_Output
PB15.GPIOParameters=GPIO_Label
PB15.GPIO_Label=SV8_PWM_T12C2
PB15.Locked=true
PB15.Signal=S_TIM12_CH2
PB3.GPIOParameters=GPIO_Label
PB3.GPIO_Label=DBG_SWO
PB3.Mode=Trace_Asynchronous_SW
PB3.Signal=DEBUG_JTDO-SWO
PB4.GPIOParameters=GPIO_Label
PB4.GPIO_Label=W2_ENC_T3C1_INA
PB4.Signal=S_TIM3_CH1
PB5.GPIOParameters=GPIO_Label
PB5.GPIO_Label=W2_ENC_T3C2_INB
PB5.Signal=S_TIM3_CH2
PB6.GPIOParameters=GPIO_Label
PB6.GPIO_Label=SD_CS
PB6.Locked=true
PB6.Signal=GPIO_Output
PC1.GPIOParameters=GPIO_Speed,GPIO_Label
PC1.GPIO_Label=LCD_SPI2_MOSI
PC1.GPIO_Speed=GPIO_SPEED_FREQ_VERY_HIGH
PC1.Locked=true
PC1.Mode=TX_Only_Simplex_Unidirect_Master
PC1.Signal=SPI2_MOSI
PC10.GPIOParameters=GPIO_Label
PC10.GPIO_Label=W3_DIR
PC10.Locked=true
PC10.Signal=GPIO_Output
PC11.GPIOParameters=GPIO_Label
PC11.GPIO_Label=W4_DIR
PC11.Locked=true
PC11.Signal=GPIO_Output
PC12.GPIOParameters=GPIO_Speed,GPIO_Label
PC12.GPIO_Label=IMU_SCL_SPI6_SCK
PC12.GPIO_Speed=GPIO_SPEED_FREQ_VERY_HIGH
PC12.Locked=true
PC12.Mode=Full_Duplex_Master
PC12.Signal=SPI6_SCK
PC13.GPIOParameters=GPIO_Label
PC13.GPIO_Label=USR_BTN_IRQ [B1] 
PC13.Locked=true
PC13.Signal=GPXTI13
PC14-OSC32_IN.GPIOParameters=GPIO_Label
PC14-OSC32_IN.GPIO_Label=OSC32_IN
PC14-OSC32_IN.Locked=true
PC14-OSC32_IN.Mode=LSE-External-Oscillator
PC14-OSC32_IN.Signal=RCC_OSC32_IN
PC15-OSC32_OUT.GPIOParameters=GPIO_Label
PC15-OSC32_OUT.GPIO_Label=OSC32_OUT
PC15-OSC32_OUT.Locked=true
PC15-OSC32_OUT.Mode=LSE-External-Oscillator
PC15-OSC32_OUT.Signal=RCC_OSC32_OUT
PC2_C.GPIOParameters=GPIO_Label
PC2_C.GPIO_Label=W1_DIR
PC2_C.Locked=true
PC2_C.Signal=GPIO_Output
PC3_C.GPIOParameters=GPIO_Label
PC3_C.GPIO_Label=W2_DIR
PC3_C.Locked=true
PC3_C.Signal=GPIO_Output
PC6.GPIOParameters=GPIO_Label
PC6.GPIO_Label=W4_ENC_T8C1_INA
PC6.Signal=S_TIM8_CH1
PC7.GPIOParameters=GPIO_Label
PC7.GPIO_Label=W4_ENC_T8C2_INB 
PC7.Signal=S_TIM8_CH2
PD12.GPIOParameters=GPIO_Label
PD12.GPIO_Label=W3_ENC_T4C1_INA
PD12.Signal=S_TIM4_CH1
PD13.GPIOParameters=GPIO_Label
PD13.GPIO_Label=W3_ENC_T4C2_INB
PD13.Signal=S_TIM4_CH2
PD2.GPIOParameters=GPIO_Label
PD2.GPIO_Label=IMU_P1
PD2.Locked=true
PD2.Signal=GPIO_Output
PD3.GPIOParameters=GPIO_Speed,GPIO_Label
PD3.GPIO_Label=LCD_SPI2_SCK
PD3.GPIO_Speed=GPIO_SPEED_FREQ_VERY_HIGH
PD3.Locked=true
PD3.Mode=TX_Only_Simplex_Unidirect_Master
PD3.Signal=SPI2_SCK
PD4.GPIOParameters=GPIO_Label
PD4.GPIO_Label=IMU_P0_WAKEN
PD4.Locked=true
PD4.Signal=GPIO_Output
PD5.GPIOParameters=GPIO_Label
PD5.GPIO_Label=WIFI_USART2_TX
PD5.Locked=true
PD5.Mode=Asynchronous
PD5.Signal=USART2_TX
PD6.GPIOParameters=GPIO_Label
PD6.GPIO_Label=WIFI_USART2_RX
PD6.Locked=true
PD6.Mode=Asynchronous
PD6.Signal=USART2_RX
PD7.GPIOParameters=GPIO_Label
PD7.GPIO_Label=IMU_BT
PD7.Locked=true
PD7.Signal=GPIO_Output
PD8.GPIOParameters=GPIO_Label
PD8.GPIO_Label=DBG_USART3_TX
PD8.Locked=true
PD8.Mode=Asynchronous
PD8.Signal=USART3_TX
PD9.GPIOParameters=GPIO_Label
PD9.GPIO_Label=DBG_USART3_RX
PD9.Locked=true
PD9.Mode=Asynchronous
PD9.Signal=USART3_RX
PE0.GPIOParameters=GPIO_Label
PE0.GPIO_Label=LCD_CTRL_RS
PE0.Locked=true
PE0.Signal=GPIO_Output
PE1.GPIOParameters=GPIO_Label
PE1.GPIO_Label=LD2_YELLOW_OB 
PE1.Locked=true
PE1.Signal=GPIO_Output
PE10.GPIOParameters=GPIO_Label
PE10.GPIO_Label=LD2_BLUE_SHLD
PE10.Locked=true
PE10.Signal=GPIO_Output
PE11.GPIOParameters=GPIO_Label
PE11.GPIO_Label=W1_ENC_T1C2_INB
PE11.Signal=S_TIM1_CH2
PE12.GPIOParameters=GPIO_Label
PE12.GPIO_Label=DIP_SW1
PE12.Locked=true
PE12.Signal=GPIO_Input
PE13.GPIOParameters=GPIO_Label
PE13.GPIO_Label=DIP_SW2
PE13.Locked=true
PE13.Signal=GPIO_Input
PE14.GPIOParameters=GPIO_Label
PE14.GPIO_Label=DIP_SW3
PE14.Locked=true
PE14.Signal=GPIO_Input
PE15.GPIOParameters=GPIO_Label
PE15.GPIO_Label=DIP_SW4 
PE15.Locked=true
PE15.Signal=GPIO_Input
PE2.GPIOParameters=GPIO_Label
PE2.GPIO_Label=DIST1_IRQ
PE2.Locked=true
PE2.Signal=GPXTI2
PE3.GPIOParameters=GPIO_Label
PE3.GPIO_Label=DIST2_IRQ
PE3.Locked=true
PE3.Signal=GPXTI3
PE4.GPIOParameters=GPIO_Label
PE4.GPIO_Label=DIST3_IRQ
PE4.Locked=true
PE4.Signal=GPXTI4
PE5.GPIOParameters=GPIO_Label
PE5.GPIO_Label=SV1_PWM_T15C1
PE5.Locked=true
PE5.Signal=S_TIM15_CH1
PE6.GPIOParameters=GPIO_Label
PE6.GPIO_Label=SV2_PWM_T15C2
PE6.Locked=true
PE6.Signal=S_TIM15_CH2
PE7.GPIOParameters=GPIO_Label
PE7.GPIO_Label=DIST1_XSHUT
PE7.Locked=true
PE7.Signal=GPIO_Output
PE8.GPIOParameters=GPIO_Label
PE8.GPIO_Label=DIST2_XSHUT
PE8.Locked=true
PE8.Signal=GPIO_Output
PE9.GPIOParameters=GPIO_Label
PE9.GPIO_Label=DIST3_XSHUT
PE9.Locked=true
PE9.Signal=GPIO_Output
PF11.GPIOParameters=GPIO_Label
PF11.GPIO_Label=LCD_CS
PF11.Locked=true
PF11.Signal=GPIO_Output
PF14.GPIOParameters=GPIO_Label
PF14.GPIO_Label=DIST_I2C4_SCL
PF14.Locked=true
PF14.Mode=I2C
PF14.Signal=I2C4_SCL
PF15.GPIOParameters=GPIO_Label
PF15.GPIO_Label=DIST_I2C4_SDA
PF15.Locked=true
PF15.Mode=I2C
PF15.Signal=I2C4_SDA
PF6.GPIOParameters=GPIO_Label
PF6.GPIO_Label=SV5_PWM_T16C1
PF6.Locked=true
PF6.Signal=S_TIM16_CH1
PF7.GPIOParameters=GPIO_Label
PF7.GPIO_Label=SV3_PWM_T17C1 
PF7.Locked=true
PF7.Signal=S_TIM17_CH1
PF8.GPIOParameters=GPIO_Label
PF8.GPIO_Label=SV4_PWM_T13C1
PF8.Locked=true
PF8.Signal=S_TIM13_CH1
PF9.GPIOParameters=GPIO_Label
PF9.GPIO_Label=SV7_PWM_T14C1
PF9.Locked=true
PF9.Signal=S_TIM14_CH1
PG10.GPIOParameters=GPIO_Label
PG10.GPIO_Label=IMU_CS
PG10.Locked=true
PG10.Signal=GPIO_Output
PG12.GPIOParameters=GPIO_Speed,GPIO_Label
PG12.GPIO_Label=IMU_SDA_SPI6_MISO
PG12.GPIO_Speed=GPIO_SPEED_FREQ_VERY_HIGH
PG12.Locked=true
PG12.Mode=Full_Duplex_Master
PG12.Signal=SPI6_MISO
PG14.GPIOParameters=GPIO_Speed,GPIO_Label
PG14.GPIO_Label=IMU_DI_SPI6_MOSI 
PG14.GPIO_Speed=GPIO_SPEED_FREQ_VERY_HIGH
PG14.Locked=true
PG14.Mode=Full_Duplex_Master
PG14.Signal=SPI6_MOSI
PG6.GPIOParameters=GPIO_Label
PG6.GPIO_Label=LD1_GREEN_SHLD
PG6.Locked=true
PG6.Signal=GPIO_Output
PG8.GPIOParameters=GPIO_Label
PG8.GPIO_Label=IMU_RST
PG8.Locked=true
PG8.Signal=GPIO_Output
PG9.GPIOParameters=GPIO_PuPd,GPIO_Label,GPIO_ModeDefaultEXTI
PG9.GPIO_Label=IMU_INT_IRQ
PG9.GPIO_ModeDefaultEXTI=GPIO_MODE_IT_FALLING
PG9.GPIO_PuPd=GPIO_PULLUP
PG9.Locked=true
PG9.Signal=GPXTI9
PH0-OSC_IN.GPIOParameters=GPIO_Label
PH0-OSC_IN.GPIO_Label=PH0-MCU
PH0-OSC_IN.Locked=true
PH0-OSC_IN.Mode=HSE-External-Clock-Source
PH0-OSC_IN.Signal=RCC_OSC_IN
PinOutPanel.RotationAngle=0
ProjectManager.AskForMigrate=true
ProjectManager.BackupPrevious=false
ProjectManager.CompilerOptimize=6
ProjectManager.ComputerToolchain=false
ProjectManager.CoupleFile=true
ProjectManager.CustomerFirmwarePackage=
ProjectManager.DefaultFWLocation=true
ProjectManager.DeletePrevious=true
ProjectManager.DeviceId=STM32H7A3ZITxQ
ProjectManager.FirmwarePackage=STM32Cube FW_H7 V1.11.0
ProjectManager.FreePins=false
ProjectManager.HalAssertFull=false
ProjectManager.HeapSize=0x200
ProjectManager.KeepUserCode=true
ProjectManager.LastFirmware=false
ProjectManager.LibraryCopy=1
ProjectManager.MainLocation=Core/Src
ProjectManager.NoMain=false
ProjectManager.PreviousToolchain=
ProjectManager.ProjectBuild=false
ProjectManager.ProjectFileName=G05_SEM4405_2024.ioc
ProjectManager.ProjectName=G05_SEM4405_2024
ProjectManager.ProjectStructure=
ProjectManager.RegisterCallBack=SPI,UART
ProjectManager.StackSize=0x400
ProjectManager.TargetToolchain=STM32CubeIDE
ProjectManager.ToolChainLocation=
ProjectManager.UAScriptAfterPath=
ProjectManager.UAScriptBeforePath=
ProjectManager.UnderRoot=true
ProjectManager.functionlistsort=1-SystemClock_Config-RCC-false-HAL-false,2-MX_GPIO_Init-GPIO-false-HAL-true,3-MX_USART3_UART_Init-USART3-false-HAL-true,4-MX_SPI1_Init-SPI1-false-HAL-true,5-MX_USART2_UART_Init-USART2-false-HAL-true,6-MX_I2C2_Init-I2C2-false-HAL-true,7-MX_I2C4_Init-I2C4-false-HAL-true,8-MX_SPI2_Init-SPI2-false-HAL-true,9-MX_FATFS_Init-FATFS-false-HAL-false,10-MX_ADC2_Init-ADC2-false-HAL-true,11-MX_CRC_Init-CRC-false-HAL-true,12-MX_SPI6_Init-SPI6-false-HAL-true,13-MX_TIM1_Init-TIM1-false-HAL-true,14-MX_TIM2_Init-TIM2-false-HAL-true,15-MX_TIM3_Init-TIM3-false-HAL-true,16-MX_TIM4_Init-TIM4-false-HAL-true,17-MX_TIM5_Init-TIM5-false-HAL-true,18-MX_TIM8_Init-TIM8-false-HAL-true,19-MX_TIM12_Init-TIM12-false-HAL-true,20-MX_TIM13_Init-TIM13-false-HAL-true,21-MX_TIM14_Init-TIM14-false-HAL-true,22-MX_TIM15_Init-TIM15-false-HAL-true,23-MX_TIM16_Init-TIM16-false-HAL-true,24-MX_TIM17_Init-TIM17-false-HAL-true
RCC.ADCFreq_Value=32000000
RCC.AHB12Freq_Value=280000000
RCC.AHB4Freq_Value=280000000
RCC.APB1Freq_Value=140000000
RCC.APB2Freq_Value=140000000
RCC.APB3Freq_Value=140000000
RCC.APB4Freq_Value=140000000
RCC.AXIClockFreq_Value=280000000
RCC.CDCPREFreq_Value=280000000
RCC.CDPPRE=RCC_APB3_DIV2
RCC.CDPPRE1=RCC_APB1_DIV2
RCC.CDPPRE2=RCC_APB2_DIV2
RCC.CECFreq_Value=32000
RCC.CKPERFreq_Value=64000000
RCC.CortexFreq_Value=280000000
RCC.CpuClockFreq_Value=280000000
RCC.DAC1Freq_Value=32000
RCC.DAC2Freq_Value=32000
RCC.DFSDM2ACLkFreq_Value=140000000
RCC.DFSDM2Freq_Value=140000000
RCC.DFSDMACLkFreq_Value=112000000
RCC.DFSDMFreq_Value=140000000
RCC.DIVM1=1
RCC.DIVM2=1
RCC.DIVM3=1
RCC.DIVN1=70
RCC.DIVN2=16
RCC.DIVN3=24
RCC.DIVP1Freq_Value=280000000
RCC.DIVP2=4
RCC.DIVP2Freq_Value=32000000
RCC.DIVP3Freq_Value=96000000
RCC.DIVQ1=5
RCC.DIVQ1Freq_Value=112000000
RCC.DIVQ2Freq_Value=64000000
RCC.DIVQ3Freq_Value=96000000
RCC.DIVR1Freq_Value=280000000
RCC.DIVR2Freq_Value=64000000
RCC.DIVR3Freq_Value=96000000
RCC.FDCANFreq_Value=112000000
RCC.FMCFreq_Value=280000000
RCC.FamilyName=M
RCC.HCLK3ClockFreq_Value=280000000
RCC.HCLKFreq_Value=280000000
RCC.HSE_VALUE=8000000
RCC.I2C123Freq_Value=140000000
RCC.I2C4Freq_Value=140000000
RCC.IPParameters=ADCFreq_Value,AHB12Freq_Value,AHB4Freq_Value,APB1Freq_Value,APB2Freq_Value,APB3Freq_Value,APB4Freq_Value,AXIClockFreq_Value,CDCPREFreq_Value,CDPPRE,CDPPRE1,CDPPRE2,CECFreq_Value,CKPERFreq_Value,CortexFreq_Value,CpuClockFreq_Value,DAC1Freq_Value,DAC2Freq_Value,DFSDM2ACLkFreq_Value,DFSDM2Freq_Value,DFSDMACLkFreq_Value,DFSDMFreq_Value,DIVM1,DIVM2,DIVM3,DIVN1,DIVN2,DIVN3,DIVP1Freq_Value,DIVP2,DIVP2Freq_Value,DIVP3Freq_Value,DIVQ1,DIVQ1Freq_Value,DIVQ2Freq_Value,DIVQ3Freq_Value,DIVR1Freq_Value,DIVR2Freq_Value,DIVR3Freq_Value,FDCANFreq_Value,FMCFreq_Value,FamilyName,HCLK3ClockFreq_Value,HCLKFreq_Value,HSE_VALUE,I2C123Freq_Value,I2C4Freq_Value,LPTIM1Freq_Value,LPTIM2Freq_Value,LPTIM345Freq_Value,LPUART1Freq_Value,LTDCFreq_Value,MCO1PinFreq_Value,MCO2PinFreq_Value,PLLFRACN,PLLSourceVirtual,PWR_Regulator_Voltage_Scale,QSPIFreq_Value,RNGFreq_Value,RTCFreq_Value,SAI1Freq_Value,SAI2AFreq_Value,SAI2BFreq_Value,SDMMCFreq_Value,SPDIFRXFreq_Value,SPI123Freq_Value,SPI45Freq_Value,SPI6Freq_Value,SRDPPRE,SWPMI1Freq_Value,SYSCLKFreq_VALUE,SYSCLKSource,SupplySource,Tim1OutputFreq_Value,Tim2OutputFreq_Value,TraceFreq_Value,USART16Freq_Value,USART234578Freq_Value,USBCLockSelection,USBFreq_Value,VCO1OutputFreq_Value,VCO2OutputFreq_Value,VCO3OutputFreq_Value,VCOInput1Freq_Value,VCOInput2Freq_Value,VCOInput3Freq_Value
RCC.LPTIM1Freq_Value=140000000
RCC.LPTIM2Freq_Value=140000000
RCC.LPTIM345Freq_Value=140000000
RCC.LPUART1Freq_Value=140000000
RCC.LTDCFreq_Value=96000000
RCC.MCO1PinFreq_Value=64000000
RCC.MCO2PinFreq_Value=280000000
RCC.PLLFRACN=0
RCC.PLLSourceVirtual=RCC_PLLSOURCE_HSE
RCC.PWR_Regulator_Voltage_Scale=PWR_REGULATOR_VOLTAGE_SCALE0
RCC.QSPIFreq_Value=280000000
RCC.RNGFreq_Value=48000000
RCC.RTCFreq_Value=32000
RCC.SAI1Freq_Value=112000000
RCC.SAI2AFreq_Value=112000000
RCC.SAI2BFreq_Value=112000000
RCC.SDMMCFreq_Value=112000000
RCC.SPDIFRXFreq_Value=112000000
RCC.SPI123Freq_Value=112000000
RCC.SPI45Freq_Value=140000000
RCC.SPI6Freq_Value=140000000
RCC.SRDPPRE=RCC_APB4_DIV2
RCC.SWPMI1Freq_Value=140000000
RCC.SYSCLKFreq_VALUE=280000000
RCC.SYSCLKSource=RCC_SYSCLKSOURCE_PLLCLK
RCC.SupplySource=PWR_DIRECT_SMPS_SUPPLY
RCC.Tim1OutputFreq_Value=280000000
RCC.Tim2OutputFreq_Value=280000000
RCC.TraceFreq_Value=280000000
RCC.USART16Freq_Value=140000000
RCC.USART234578Freq_Value=140000000
RCC.USBCLockSelection=RCC_USBCLKSOURCE_HSI48
RCC.USBFreq_Value=48000000
RCC.VCO1OutputFreq_Value=560000000
RCC.VCO2OutputFreq_Value=128000000
RCC.VCO3OutputFreq_Value=192000000
RCC.VCOInput1Freq_Value=8000000
RCC.VCOInput2Freq_Value=8000000
RCC.VCOInput3Freq_Value=8000000
SH.GPXTI13.0=GPIO_EXTI13
SH.GPXTI13.ConfNb=1
SH.GPXTI2.0=GPIO_EXTI2
SH.GPXTI2.ConfNb=1
SH.GPXTI3.0=GPIO_EXTI3
SH.GPXTI3.ConfNb=1
SH.GPXTI4.0=GPIO_EXTI4
SH.GPXTI4.ConfNb=1
SH.GPXTI9.0=GPIO_EXTI9
SH.GPXTI9.ConfNb=1
SH.S_TIM12_CH2.0=TIM12_CH2,PWM Generation2 CH2
SH.S_TIM12_CH2.ConfNb=1
SH.S_TIM13_CH1.0=TIM13_CH1,PWM Generation1 CH1
SH.S_TIM13_CH1.ConfNb=1
SH.S_TIM14_CH1.0=TIM14_CH1,PWM Generation1 CH1
SH.S_TIM14_CH1.ConfNb=1
SH.S_TIM15_CH1.0=TIM15_CH1,PWM Generation1 CH1
SH.S_TIM15_CH1.ConfNb=1
SH.S_TIM15_CH2.0=TIM15_CH2,PWM Generation2 CH2
SH.S_TIM15_CH2.ConfNb=1
SH.S_TIM16_CH1.0=TIM16_CH1,PWM Generation1 CH1
SH.S_TIM16_CH1.ConfNb=1
SH.S_TIM17_CH1.0=TIM17_CH1,PWM Generation1 CH1
SH.S_TIM17_CH1.ConfNb=1
SH.S_TIM1_CH1.0=TIM1_CH1,Encoder_Interface
SH.S_TIM1_CH1.ConfNb=1
SH.S_TIM1_CH2.0=TIM1_CH2,Encoder_Interface
SH.S_TIM1_CH2.ConfNb=1
SH.S_TIM2_CH1_ETR.0=TIM2_CH1,PWM Generation1 CH1
SH.S_TIM2_CH1_ETR.ConfNb=1
SH.S_TIM2_CH2.0=TIM2_CH2,PWM Generation2 CH2
SH.S_TIM2_CH2.ConfNb=1
SH.S_TIM2_CH3.0=TIM2_CH3,PWM Generation3 CH3
SH.S_TIM2_CH3.ConfNb=1
SH.S_TIM2_CH4.0=TIM2_CH4,PWM Generation4 CH4
SH.S_TIM2_CH4.ConfNb=1
SH.S_TIM3_CH1.0=TIM3_CH1,Encoder_Interface
SH.S_TIM3_CH1.ConfNb=1
SH.S_TIM3_CH2.0=TIM3_CH2,Encoder_Interface
SH.S_TIM3_CH2.ConfNb=1
SH.S_TIM4_CH1.0=TIM4_CH1,Encoder_Interface
SH.S_TIM4_CH1.ConfNb=1
SH.S_TIM4_CH2.0=TIM4_CH2,Encoder_Interface
SH.S_TIM4_CH2.ConfNb=1
SH.S_TIM8_CH1.0=TIM8_CH1,Encoder_Interface
SH.S_TIM8_CH1.ConfNb=1
SH.S_TIM8_CH2.0=TIM8_CH2,Encoder_Interface
SH.S_TIM8_CH2.ConfNb=1
SPI1.BaudRatePrescaler=SPI_BAUDRATEPRESCALER_256
SPI1.CalculateBaudRate=437.5 KBits/s
SPI1.DataSize=SPI_DATASIZE_8BIT
SPI1.Direction=SPI_DIRECTION_2LINES
SPI1.IPParameters=VirtualType,Mode,Direction,CalculateBaudRate,BaudRatePrescaler,DataSize
SPI1.Mode=SPI_MODE_MASTER
SPI1.VirtualType=VM_MASTER
SPI2.BaudRatePrescaler=SPI_BAUDRATEPRESCALER_4
SPI2.CalculateBaudRate=28.0 MBits/s
SPI2.DataSize=SPI_DATASIZE_8BIT
SPI2.Direction=SPI_DIRECTION_2LINES_TXONLY
SPI2.IPParameters=VirtualType,Mode,Direction,CalculateBaudRate,BaudRatePrescaler,DataSize
SPI2.Mode=SPI_MODE_MASTER
SPI2.VirtualType=VM_MASTER
SPI6.BaudRatePrescaler=SPI_BAUDRATEPRESCALER_128
SPI6.CLKPhase=SPI_PHASE_2EDGE
SPI6.CLKPolarity=SPI_POLARITY_HIGH
SPI6.CalculateBaudRate=1.09375 MBits/s
SPI6.DataSize=SPI_DATASIZE_8BIT
SPI6.Direction=SPI_DIRECTION_2LINES
SPI6.IPParameters=VirtualType,Mode,Direction,CalculateBaudRate,DataSize,BaudRatePrescaler,CLKPolarity,CLKPhase
SPI6.Mode=SPI_MODE_MASTER
SPI6.VirtualType=VM_MASTER
TIM1.EncoderMode=TIM_ENCODERMODE_TI12
TIM1.IC1Filter=5
TIM1.IC2Filter=5
TIM1.IPParameters=EncoderMode,IC1Filter,IC2Filter
TIM12.AutoReloadPreload=TIM_AUTORELOAD_PRELOAD_ENABLE
TIM12.Channel-PWM\ Generation2\ CH2=TIM_CHANNEL_2
TIM12.IPParameters=Channel-PWM Generation2 CH2,Prescaler,Period,AutoReloadPreload,Pulse-PWM Generation2 CH2
TIM12.Period=65115
TIM12.Prescaler=85
TIM12.Pulse-PWM\ Generation2\ CH2=4883
TIM13.AutoReloadPreload=TIM_AUTORELOAD_PRELOAD_ENABLE
TIM13.Channel=TIM_CHANNEL_1
TIM13.IPParameters=Channel,Prescaler,Period,AutoReloadPreload,Pulse
TIM13.Period=65115
TIM13.Prescaler=85
TIM13.Pulse=4883
TIM14.AutoReloadPreload=TIM_AUTORELOAD_PRELOAD_ENABLE
TIM14.Channel=TIM_CHANNEL_1
TIM14.IPParameters=Channel,Prescaler,Period,AutoReloadPreload,Pulse
TIM14.Period=65115
TIM14.Prescaler=85
TIM14.Pulse=4883
TIM15.AutoReloadPreload=TIM_AUTORELOAD_PRELOAD_ENABLE
TIM15.Channel-PWM\ Generation1\ CH1=TIM_CHANNEL_1
TIM15.Channel-PWM\ Generation2\ CH2=TIM_CHANNEL_2
TIM15.IPParameters=Channel-PWM Generation1 CH1,Channel-PWM Generation2 CH2,Prescaler,Period,AutoReloadPreload,Pulse-PWM Generation1 CH1,Pulse-PWM Generation2 CH2
TIM15.Period=65115
TIM15.Prescaler=85
TIM15.Pulse-PWM\ Generation1\ CH1=4883
TIM15.Pulse-PWM\ Generation2\ CH2=4883
TIM16.AutoReloadPreload=TIM_AUTORELOAD_PRELOAD_ENABLE
TIM16.Channel=TIM_CHANNEL_1
TIM16.IPParameters=Channel,Prescaler,Period,AutoReloadPreload,Pulse
TIM16.Period=65115
TIM16.Prescaler=85
TIM16.Pulse=4883
TIM17.AutoReloadPreload=TIM_AUTORELOAD_PRELOAD_ENABLE
TIM17.Channel=TIM_CHANNEL_1
TIM17.IPParameters=Channel,Prescaler,Period,AutoReloadPreload,Pulse
TIM17.Period=65115
TIM17.Prescaler=85
TIM17.Pulse=4883
TIM2.AutoReloadPreload=TIM_AUTORELOAD_PRELOAD_ENABLE
TIM2.Channel-PWM\ Generation1\ CH1=TIM_CHANNEL_1
TIM2.Channel-PWM\ Generation2\ CH2=TIM_CHANNEL_2
TIM2.Channel-PWM\ Generation3\ CH3=TIM_CHANNEL_3
TIM2.Channel-PWM\ Generation4\ CH4=TIM_CHANNEL_4
TIM2.IPParameters=Channel-PWM Generation1 CH1,Channel-PWM Generation2 CH2,Channel-PWM Generation3 CH3,Channel-PWM Generation4 CH4,Period,AutoReloadPreload
TIM2.Period=13999
TIM3.EncoderMode=TIM_ENCODERMODE_TI12
TIM3.IC1Filter=5
TIM3.IC2Filter=5
TIM3.IPParameters=EncoderMode,IC1Filter,IC2Filter
TIM4.EncoderMode=TIM_ENCODERMODE_TI12
TIM4.IC1Filter=5
TIM4.IC2Filter=5
TIM4.IPParameters=EncoderMode,IC1Filter,IC2Filter
TIM5.IPParameters=Prescaler
TIM5.Prescaler=279
TIM8.EncoderMode=TIM_ENCODERMODE_TI12
TIM8.IC1Filter=5
TIM8.IC2Filter=5
TIM8.IPParameters=EncoderMode,IC1Filter,IC2Filter
USART2.IPParameters=VirtualMode-Asynchronous
USART2.VirtualMode-Asynchronous=VM_ASYNC
USART3.IPParameters=VirtualMode-Asynchronous
USART3.VirtualMode-Asynchronous=VM_ASYNC
VP_ADC2_TempSens_Input.Mode=IN-TempSens
VP_ADC2_TempSens_Input.Signal=ADC2_TempSens_Input
VP_CRC_VS_CRC.Mode=CRC_Activate
VP_CRC_VS_CRC.Signal=CRC_VS_CRC
VP_FATFS_VS_Generic.Mode=User_defined
VP_FATFS_VS_Generic.Signal=FATFS_VS_Generic
VP_FREERTOS_VS_CMSIS_V2.Mode=CMSIS_V2
VP_FREERTOS_VS_CMSIS_V2.Signal=FREERTOS_VS_CMSIS_V2
VP_SYS_VS_tim7.Mode=TIM7
VP_SYS_VS_tim7.Signal=SYS_VS_tim7
VP_TIM13_VS_ClockSourceINT.Mode=Enable_Timer
VP_TIM13_VS_ClockSourceINT.Signal=TIM13_VS_ClockSourceINT
VP_TIM14_VS_ClockSourceINT.Mode=Enable_Timer
VP_TIM14_VS_ClockSourceINT.Signal=TIM14_VS_ClockSourceINT
VP_TIM16_VS_ClockSourceINT.Mode=Enable_Timer
VP_TIM16_VS_ClockSourceINT.Signal=TIM16_VS_ClockSourceINT
VP_TIM17_VS_ClockSourceINT.Mode=Enable_Timer
VP_TIM17_VS_ClockSourceINT.Signal=TIM17_VS_ClockSourceINT
VP_TIM2_VS_ClockSourceINT.Mode=Internal
VP_TIM2_VS_ClockSourceINT.Signal=TIM2_VS_ClockSourceINT
VP_TIM5_VS_ClockSourceINT.Mode=Internal
VP_TIM5_VS_ClockSourceINT.Signal=TIM5_VS_ClockSourceINT
board=NUCLEO-H7A3ZI-Q
boardIOC=true
rtos.0.ip=FREERTOS
isbadioc=false
